// !$*UTF8*$!
{
	archiveVersion = 1;
	classes = {
	};
	objectVersion = 50;
	objects = {

/* Begin PBXBuildFile section */
		A3BE73C52168B7CE007E15EF /* AppDelegate.swift in Sources */ = {isa = PBXBuildFile; fileRef = A3BE73C42168B7CE007E15EF /* AppDelegate.swift */; };
		A3BE73C72168B7CE007E15EF /* ViewController.swift in Sources */ = {isa = PBXBuildFile; fileRef = A3BE73C62168B7CE007E15EF /* ViewController.swift */; };
		A3BE73CA2168B7CE007E15EF /* Main.storyboard in Resources */ = {isa = PBXBuildFile; fileRef = A3BE73C82168B7CE007E15EF /* Main.storyboard */; };
		A3BE73CC2168B7D0007E15EF /* Assets.xcassets in Resources */ = {isa = PBXBuildFile; fileRef = A3BE73CB2168B7D0007E15EF /* Assets.xcassets */; };
		A3BE73CF2168B7D0007E15EF /* LaunchScreen.storyboard in Resources */ = {isa = PBXBuildFile; fileRef = A3BE73CD2168B7D0007E15EF /* LaunchScreen.storyboard */; };
		A3BE73D7216EFEDB007E15EF /* Renderer.swift in Sources */ = {isa = PBXBuildFile; fileRef = A3BE73D6216EFEDB007E15EF /* Renderer.swift */; };
		A3BE73D9217195B9007E15EF /* Shader.metal in Sources */ = {isa = PBXBuildFile; fileRef = A3BE73D8217195B9007E15EF /* Shader.metal */; };
/* End PBXBuildFile section */

/* Begin PBXFileReference section */
		A3BE73C12168B7CE007E15EF /* RayBreak.app */ = {isa = PBXFileReference; explicitFileType = wrapper.application; includeInIndex = 0; path = RayBreak.app; sourceTree = BUILT_PRODUCTS_DIR; };
		A3BE73C42168B7CE007E15EF /* AppDelegate.swift */ = {isa = PBXFileReference; lastKnownFileType = sourcecode.swift; path = AppDelegate.swift; sourceTree = "<group>"; };
		A3BE73C62168B7CE007E15EF /* ViewController.swift */ = {isa = PBXFileReference; lastKnownFileType = sourcecode.swift; path = ViewController.swift; sourceTree = "<group>"; };
		A3BE73C92168B7CE007E15EF /* Base */ = {isa = PBXFileReference; lastKnownFileType = file.storyboard; name = Base; path = Base.lproj/Main.storyboard; sourceTree = "<group>"; };
		A3BE73CB2168B7D0007E15EF /* Assets.xcassets */ = {isa = PBXFileReference; lastKnownFileType = folder.assetcatalog; path = Assets.xcassets; sourceTree = "<group>"; };
		A3BE73CE2168B7D0007E15EF /* Base */ = {isa = PBXFileReference; lastKnownFileType = file.storyboard; name = Base; path = Base.lproj/LaunchScreen.storyboard; sourceTree = "<group>"; };
		A3BE73D02168B7D0007E15EF /* Info.plist */ = {isa = PBXFileReference; lastKnownFileType = text.plist.xml; path = Info.plist; sourceTree = "<group>"; };
		A3BE73D6216EFEDB007E15EF /* Renderer.swift */ = {isa = PBXFileReference; lastKnownFileType = sourcecode.swift; path = Renderer.swift; sourceTree = "<group>"; };
		A3BE73D8217195B9007E15EF /* Shader.metal */ = {isa = PBXFileReference; lastKnownFileType = sourcecode.metal; path = Shader.metal; sourceTree = "<group>"; };
/* End PBXFileReference section */

/* Begin PBXFrameworksBuildPhase section */
		A3BE73BE2168B7CE007E15EF /* Frameworks */ = {
			isa = PBXFrameworksBuildPhase;
			buildActionMask = 2147483647;
			files = (
			);
			runOnlyForDeploymentPostprocessing = 0;
		};
/* End PBXFrameworksBuildPhase section */

/* Begin PBXGroup section */
		A3BE73B82168B7CE007E15EF = {
			isa = PBXGroup;
			children = (
				A3BE73C32168B7CE007E15EF /* RayBreak */,
				A3BE73C22168B7CE007E15EF /* Products */,
			);
			sourceTree = "<group>";
		};
		A3BE73C22168B7CE007E15EF /* Products */ = {
			isa = PBXGroup;
			children = (
				A3BE73C12168B7CE007E15EF /* RayBreak.app */,
			);
			name = Products;
			sourceTree = "<group>";
		};
		A3BE73C32168B7CE007E15EF /* RayBreak */ = {
			isa = PBXGroup;
			children = (
				A3BE73C42168B7CE007E15EF /* AppDelegate.swift */,
				A3BE73C62168B7CE007E15EF /* ViewController.swift */,
				A3BE73C82168B7CE007E15EF /* Main.storyboard */,
				A3BE73CB2168B7D0007E15EF /* Assets.xcassets */,
				A3BE73CD2168B7D0007E15EF /* LaunchScreen.storyboard */,
				A3BE73D02168B7D0007E15EF /* Info.plist */,
				A3BE73D6216EFEDB007E15EF /* Renderer.swift */,
				A3BE73D8217195B9007E15EF /* Shader.metal */,
			);
			path = RayBreak;
			sourceTree = "<group>";
		};
/* End PBXGroup section */

/* Begin PBXNativeTarget section */
		A3BE73C02168B7CE007E15EF /* RayBreak */ = {
			isa = PBXNativeTarget;
			buildConfigurationList = A3BE73D32168B7D0007E15EF /* Build configuration list for PBXNativeTarget "RayBreak" */;
			buildPhases = (
				A3BE73BD2168B7CE007E15EF /* Sources */,
				A3BE73BE2168B7CE007E15EF /* Frameworks */,
				A3BE73BF2168B7CE007E15EF /* Resources */,
			);
			buildRules = (
			);
			dependencies = (
			);
			name = RayBreak;
			productName = RayBreak;
			productReference = A3BE73C12168B7CE007E15EF /* RayBreak.app */;
			productType = "com.apple.product-type.application";
		};
/* End PBXNativeTarget section */

/* Begin PBXProject section */
		A3BE73B92168B7CE007E15EF /* Project object */ = {
			isa = PBXProject;
			attributes = {
				LastSwiftUpdateCheck = 1000;
				LastUpgradeCheck = 1000;
				ORGANIZATIONNAME = dely;
				TargetAttributes = {
					A3BE73C02168B7CE007E15EF = {
						CreatedOnToolsVersion = 10.0;
					};
				};
			};
			buildConfigurationList = A3BE73BC2168B7CE007E15EF /* Build configuration list for PBXProject "RayBreak" */;
			compatibilityVersion = "Xcode 9.3";
			developmentRegion = en;
			hasScannedForEncodings = 0;
			knownRegions = (
				en,
				Base,
			);
			mainGroup = A3BE73B82168B7CE007E15EF;
			productRefGroup = A3BE73C22168B7CE007E15EF /* Products */;
			projectDirPath = "";
			projectRoot = "";
			targets = (
				A3BE73C02168B7CE007E15EF /* RayBreak */,
			);
		};
/* End PBXProject section */

/* Begin PBXResourcesBuildPhase section */
		A3BE73BF2168B7CE007E15EF /* Resources */ = {
			isa = PBXResourcesBuildPhase;
			buildActionMask = 2147483647;
			files = (
				A3BE73CF2168B7D0007E15EF /* LaunchScreen.storyboard in Resources */,
				A3BE73CC2168B7D0007E15EF /* Assets.xcassets in Resources */,
				A3BE73CA2168B7CE007E15EF /* Main.storyboard in Resources */,
			);
			runOnlyForDeploymentPostprocessing = 0;
		};
/* End PBXResourcesBuildPhase section */

/* Begin PBXSourcesBuildPhase section */
		A3BE73BD2168B7CE007E15EF /* Sources */ = {
			isa = PBXSourcesBuildPhase;
			buildActionMask = 2147483647;
			files = (
				A3BE73D9217195B9007E15EF /* Shader.metal in Sources */,
				A3BE73C72168B7CE007E15EF /* ViewController.swift in Sources */,
				A3BE73D7216EFEDB007E15EF /* Renderer.swift in Sources */,
				A3BE73C52168B7CE007E15EF /* AppDelegate.swift in Sources */,
			);
			runOnlyForDeploymentPostprocessing = 0;
		};
/* End PBXSourcesBuildPhase section */

/* Begin PBXVariantGroup section */
		A3BE73C82168B7CE007E15EF /* Main.storyboard */ = {
			isa = PBXVariantGroup;
			children = (
				A3BE73C92168B7CE007E15EF /* Base */,
			);
			name = Main.storyboard;
			sourceTree = "<group>";
		};
		A3BE73CD2168B7D0007E15EF /* LaunchScreen.storyboard */ = {
			isa = PBXVariantGroup;
			children = (
				A3BE73CE2168B7D0007E15EF /* Base */,
			);
			name = LaunchScreen.storyboard;
			sourceTree = "<group>";
		};
/* End PBXVariantGroup section */

/* Begin XCBuildConfiguration section */
		A3BE73D12168B7D0007E15EF /* Debug */ = {
			isa = XCBuildConfiguration;
			buildSettings = {
				ALWAYS_SEARCH_USER_PATHS = NO;
				CLANG_ANALYZER_NONNULL = YES;
				CLANG_ANALYZER_NUMBER_OBJECT_CONVERSION = YES_AGGRESSIVE;
				CLANG_CXX_LANGUAGE_STANDARD = "gnu++14";
				CLANG_CXX_LIBRARY = "libc++";
				CLANG_ENABLE_MODULES = YES;
				CLANG_ENABLE_OBJC_ARC = YES;
				CLANG_ENABLE_OBJC_WEAK = YES;
				CLANG_WARN_BLOCK_CAPTURE_AUTORELEASING = YES;
				CLANG_WARN_BOOL_CONVERSION = YES;
				CLANG_WARN_COMMA = YES;
				CLANG_WARN_CONSTANT_CONVERSION = YES;
				CLANG_WARN_DEPRECATED_OBJC_IMPLEMENTATIONS = YES;
				CLANG_WARN_DIRECT_OBJC_ISA_USAGE = YES_ERROR;
				CLANG_WARN_DOCUMENTATION_COMMENTS = YES;
				CLANG_WARN_EMPTY_BODY = YES;
				CLANG_WARN_ENUM_CONVERSION = YES;
				CLANG_WARN_INFINITE_RECURSION = YES;
				CLANG_WARN_INT_CONVERSION = YES;
				CLANG_WARN_NON_LITERAL_NULL_CONVERSION = YES;
				CLANG_WARN_OBJC_IMPLICIT_RETAIN_SELF = YES;
				CLANG_WARN_OBJC_LITERAL_CONVERSION = YES;
				CLANG_WARN_OBJC_ROOT_CLASS = YES_ERROR;
				CLANG_WARN_RANGE_LOOP_ANALYSIS = YES;
				CLANG_WARN_STRICT_PROTOTYPES = YES;
				CLANG_WARN_SUSPICIOUS_MOVE = YES;
				CLANG_WARN_UNGUARDED_AVAILABILITY = YES_AGGRESSIVE;
				CLANG_WARN_UNREACHABLE_CODE = YES;
				CLANG_WARN__DUPLICATE_METHOD_MATCH = YES;
				CODE_SIGN_IDENTITY = "iPhone Developer";
				COPY_PHASE_STRIP = NO;
				DEBUG_INFORMATION_FORMAT = dwarf;
				ENABLE_STRICT_OBJC_MSGSEND = YES;
				ENABLE_TESTABILITY = YES;
				GCC_C_LANGUAGE_STANDARD = gnu11;
				GCC_DYNAMIC_NO_PIC = NO;
				GCC_NO_COMMON_BLOCKS = YES;
				GCC_OPTIMIZATION_LEVEL = 0;
				GCC_PREPROCESSOR_DEFINITIONS = (
					"DEBUG=1",
					"$(inherited)",
				);
				GCC_WARN_64_TO_32_BIT_CONVERSION = YES;
				GCC_WARN_ABOUT_RETURN_TYPE = YES_ERROR;
				GCC_WARN_UNDECLARED_SELECTOR = YES;
				GCC_WARN_UNINITIALIZED_AUTOS = YES_AGGRESSIVE;
				GCC_WARN_UNUSED_FUNCTION = YES;
				GCC_WARN_UNUSED_VARIABLE = YES;
				IPHONEOS_DEPLOYMENT_TARGET = 12.0;
				MTL_ENABLE_DEBUG_INFO = INCLUDE_SOURCE;
				MTL_FAST_MATH = YES;
				ONLY_ACTIVE_ARCH = YES;
				SDKROOT = iphoneos;
				SWIFT_ACTIVE_COMPILATION_CONDITIONS = DEBUG;
				SWIFT_OPTIMIZATION_LEVEL = "-Onone";
			};
			name = Debug;
		};
		A3BE73D22168B7D0007E15EF /* Release */ = {
			isa = XCBuildConfiguration;
			buildSettings = {
				ALWAYS_SEARCH_USER_PATHS = NO;
				CLANG_ANALYZER_NONNULL = YES;
				CLANG_ANALYZER_NUMBER_OBJECT_CONVERSION = YES_AGGRESSIVE;
				CLANG_CXX_LANGUAGE_STANDARD = "gnu++14";
				CLANG_CXX_LIBRARY = "libc++";
				CLANG_ENABLE_MODULES = YES;
				CLANG_ENABLE_OBJC_ARC = YES;
				CLANG_ENABLE_OBJC_WEAK = YES;
				CLANG_WARN_BLOCK_CAPTURE_AUTORELEASING = YES;
				CLANG_WARN_BOOL_CONVERSION = YES;
				CLANG_WARN_COMMA = YES;
				CLANG_WARN_CONSTANT_CONVERSION = YES;
				CLANG_WARN_DEPRECATED_OBJC_IMPLEMENTATIONS = YES;
				CLANG_WARN_DIRECT_OBJC_ISA_USAGE = YES_ERROR;
				CLANG_WARN_DOCUMENTATION_COMMENTS = YES;
				CLANG_WARN_EMPTY_BODY = YES;
				CLANG_WARN_ENUM_CONVERSION = YES;
				CLANG_WARN_INFINITE_RECURSION = YES;
				CLANG_WARN_INT_CONVERSION = YES;
				CLANG_WARN_NON_LITERAL_NULL_CONVERSION = YES;
				CLANG_WARN_OBJC_IMPLICIT_RETAIN_SELF = YES;
				CLANG_WARN_OBJC_LITERAL_CONVERSION = YES;
				CLANG_WARN_OBJC_ROOT_CLASS = YES_ERROR;
				CLANG_WARN_RANGE_LOOP_ANALYSIS = YES;
				CLANG_WARN_STRICT_PROTOTYPES = YES;
				CLANG_WARN_SUSPICIOUS_MOVE = YES;
				CLANG_WARN_UNGUARDED_AVAILABILITY = YES_AGGRESSIVE;
				CLANG_WARN_UNREACHABLE_CODE = YES;
				CLANG_WARN__DUPLICATE_METHOD_MATCH = YES;
				CODE_SIGN_IDENTITY = "iPhone Developer";
				COPY_PHASE_STRIP = NO;
				DEBUG_INFORMATION_FORMAT = "dwarf-with-dsym";
				ENABLE_NS_ASSERTIONS = NO;
				ENABLE_STRICT_OBJC_MSGSEND = YES;
				GCC_C_LANGUAGE_STANDARD = gnu11;
				GCC_NO_COMMON_BLOCKS = YES;
				GCC_WARN_64_TO_32_BIT_CONVERSION = YES;
				GCC_WARN_ABOUT_RETURN_TYPE = YES_ERROR;
				GCC_WARN_UNDECLARED_SELECTOR = YES;
				GCC_WARN_UNINITIALIZED_AUTOS = YES_AGGRESSIVE;
				GCC_WARN_UNUSED_FUNCTION = YES;
				GCC_WARN_UNUSED_VARIABLE = YES;
				IPHONEOS_DEPLOYMENT_TARGET = 12.0;
				MTL_ENABLE_DEBUG_INFO = NO;
				MTL_FAST_MATH = YES;
				SDKROOT = iphoneos;
				SWIFT_COMPILATION_MODE = wholemodule;
				SWIFT_OPTIMIZATION_LEVEL = "-O";
				VALIDATE_PRODUCT = YES;
			};
			name = Release;
		};
		A3BE73D42168B7D0007E15EF /* Debug */ = {
			isa = XCBuildConfiguration;
			buildSettings = {
				ASSETCATALOG_COMPILER_APPICON_NAME = AppIcon;
				CODE_SIGN_STYLE = Automatic;
				DEVELOPMENT_TEAM = B3PWYBKFUK;
				INFOPLIST_FILE = RayBreak/Info.plist;
				LD_RUNPATH_SEARCH_PATHS = (
					"$(inherited)",
					"@executable_path/Frameworks",
				);
				PRODUCT_BUNDLE_IDENTIFIER = dely.RayBreak;
				PRODUCT_NAME = "$(TARGET_NAME)";
				SWIFT_VERSION = 4.2;
				TARGETED_DEVICE_FAMILY = "1,2";
			};
			name = Debug;
		};
		A3BE73D52168B7D0007E15EF /* Release */ = {
			isa = XCBuildConfiguration;
			buildSettings = {
				ASSETCATALOG_COMPILER_APPICON_NAME = AppIcon;
				CODE_SIGN_STYLE = Automatic;
				DEVELOPMENT_TEAM = B3PWYBKFUK;
				INFOPLIST_FILE = RayBreak/Info.plist;
				LD_RUNPATH_SEARCH_PATHS = (
					"$(inherited)",
					"@executable_path/Frameworks",
				);
				PRODUCT_BUNDLE_IDENTIFIER = dely.RayBreak;
				PRODUCT_NAME = "$(TARGET_NAME)";
				SWIFT_VERSION = 4.2;
				TARGETED_DEVICE_FAMILY = "1,2";
			};
			name = Release;
		};
/* End XCBuildConfiguration section */

/* Begin XCConfigurationList section */
		A3BE73BC2168B7CE007E15EF /* Build configuration list for PBXProject "RayBreak" */ = {
			isa = XCConfigurationList;
			buildConfigurations = (
				A3BE73D12168B7D0007E15EF /* Debug */,
				A3BE73D22168B7D0007E15EF /* Release */,
			);
			defaultConfigurationIsVisible = 0;
			defaultConfigurationName = Release;
		};
		A3BE73D32168B7D0007E15EF /* Build configuration list for PBXNativeTarget "RayBreak" */ = {
			isa = XCConfigurationList;
			buildConfigurations = (
				A3BE73D42168B7D0007E15EF /* Debug */,
				A3BE73D52168B7D0007E15EF /* Release */,
			);
			defaultConfigurationIsVisible = 0;
			defaultConfigurationName = Release;
		};
/* End XCConfigurationList section */
	};
	rootObject = A3BE73B92168B7CE007E15EF /* Project object */;
}
